
Microsoft Visual Studio Solution File, Format Version 12.00
# Visual Studio Version 17
VisualStudioVersion = 17.5.002.0
MinimumVisualStudioVersion = 10.0.40219.1
Project("{9A19103F-16F7-4668-BE54-9A1E7A4F7556}") = "SmallBizApi", "SmallBizApi.csproj", "{33E99C3E-AE8A-4BDF-9DDE-6EDEECF1A735}"
EndProject
Global
	GlobalSection(SolutionConfigurationPlatforms) = preSolution
		Debug|Any CPU = Debug|Any CPU
		Release|Any CPU = Release|Any CPU
	EndGlobalSection
	GlobalSection(ProjectConfigurationPlatforms) = postSolution
		{33E99C3E-AE8A-4BDF-9DDE-6EDEECF1A735}.Debug|Any CPU.ActiveCfg = Debug|Any CPU
		{33E99C3E-AE8A-4BDF-9DDE-6EDEECF1A735}.Debug|Any CPU.Build.0 = Debug|Any CPU
		{33E99C3E-AE8A-4BDF-9DDE-6EDEECF1A735}.Release|Any CPU.ActiveCfg = Release|Any CPU
		{33E99C3E-AE8A-4BDF-9DDE-6EDEECF1A735}.Release|Any CPU.Build.0 = Release|Any CPU
	EndGlobalSection
	GlobalSection(SolutionProperties) = preSolution
		HideSolutionNode = FALSE
	EndGlobalSection
	GlobalSection(ExtensibilityGlobals) = postSolution
		SolutionGuid = {9F98AEB3-09AA-4CB8-9017-19D9B68A5A2C}
	EndGlobalSection
EndGlobal
